
Microsoft Visual Studio Solution File, Format Version 12.00
# Visual Studio 2013
VisualStudioVersion = 12.0.30501.0
MinimumVisualStudioVersion = 10.0.40219.1
Project("{FAE04EC0-301F-11D3-BF4B-00C04F79EFBC}") = "ClassWork1", "ClassWork1\ClassWork1.csproj", "{D2D216F1-C2BB-4BF7-93D0-97CD6CD8C69D}"
EndProject
Project("{FAE04EC0-301F-11D3-BF4B-00C04F79EFBC}") = "ClassWork2", "ClassWork2\ClassWork2.csproj", "{28295F06-33ED-421B-A8BA-785965EC175D}"
EndProject
Project("{2150E333-8FDC-42A3-9474-1A3956D46DE8}") = "ClassWorks", "ClassWorks", "{C38A190B-A348-4053-8A51-3995BCDD0D66}"
EndProject
Project("{2150E333-8FDC-42A3-9474-1A3956D46DE8}") = "Homework", "Homework", "{47C78540-69E2-411F-B01F-EF25891C5C06}"
EndProject
Project("{FAE04EC0-301F-11D3-BF4B-00C04F79EFBC}") = "DistanceCalculator", "HOmework01\DistanceCalculator.csproj", "{98D4FC74-B258-4920-AE35-48DDD497B5B7}"
EndProject
Global
	GlobalSection(SolutionConfigurationPlatforms) = preSolution
		Debug|Any CPU = Debug|Any CPU
		Release|Any CPU = Release|Any CPU
	EndGlobalSection
	GlobalSection(ProjectConfigurationPlatforms) = postSolution
		{D2D216F1-C2BB-4BF7-93D0-97CD6CD8C69D}.Debug|Any CPU.ActiveCfg = Debug|Any CPU
		{D2D216F1-C2BB-4BF7-93D0-97CD6CD8C69D}.Debug|Any CPU.Build.0 = Debug|Any CPU
		{D2D216F1-C2BB-4BF7-93D0-97CD6CD8C69D}.Release|Any CPU.ActiveCfg = Release|Any CPU
		{D2D216F1-C2BB-4BF7-93D0-97CD6CD8C69D}.Release|Any CPU.Build.0 = Release|Any CPU
		{28295F06-33ED-421B-A8BA-785965EC175D}.Debug|Any CPU.ActiveCfg = Debug|Any CPU
		{28295F06-33ED-421B-A8BA-785965EC175D}.Debug|Any CPU.Build.0 = Debug|Any CPU
		{28295F06-33ED-421B-A8BA-785965EC175D}.Release|Any CPU.ActiveCfg = Release|Any CPU
		{28295F06-33ED-421B-A8BA-785965EC175D}.Release|Any CPU.Build.0 = Release|Any CPU
		{98D4FC74-B258-4920-AE35-48DDD497B5B7}.Debug|Any CPU.ActiveCfg = Debug|Any CPU
		{98D4FC74-B258-4920-AE35-48DDD497B5B7}.Debug|Any CPU.Build.0 = Debug|Any CPU
		{98D4FC74-B258-4920-AE35-48DDD497B5B7}.Release|Any CPU.ActiveCfg = Release|Any CPU
		{98D4FC74-B258-4920-AE35-48DDD497B5B7}.Release|Any CPU.Build.0 = Release|Any CPU
	EndGlobalSection
	GlobalSection(SolutionProperties) = preSolution
		HideSolutionNode = FALSE
	EndGlobalSection
	GlobalSection(NestedProjects) = preSolution
		{D2D216F1-C2BB-4BF7-93D0-97CD6CD8C69D} = {C38A190B-A348-4053-8A51-3995BCDD0D66}
		{28295F06-33ED-421B-A8BA-785965EC175D} = {C38A190B-A348-4053-8A51-3995BCDD0D66}
		{98D4FC74-B258-4920-AE35-48DDD497B5B7} = {47C78540-69E2-411F-B01F-EF25891C5C06}
	EndGlobalSection
EndGlobal
