
Microsoft Visual Studio Solution File, Format Version 12.00
# Visual Studio 2013
VisualStudioVersion = 12.0.31101.0
MinimumVisualStudioVersion = 10.0.40219.1
Project("{FAE04EC0-301F-11D3-BF4B-00C04F79EFBC}") = "01. Content-Of-The-SoftUni-RSS-Feed", "Content-Of-The-SoftUni-RSS-Feed\01. Content-Of-The-SoftUni-RSS-Feed.csproj", "{68D2F660-F299-4CC5-ABC1-A5D443856B4D}"
EndProject
Project("{FAE04EC0-301F-11D3-BF4B-00C04F79EFBC}") = "02. Parse-Xml-To-Json", "Parse-Xml-To-Json\02. Parse-Xml-To-Json.csproj", "{06A315C7-857D-4B2C-9264-1D65CF6F31F1}"
EndProject
Project("{FAE04EC0-301F-11D3-BF4B-00C04F79EFBC}") = "03. Parse-Json-String-To-Poco", "Parse-Json-String-To-Poco\03. Parse-Json-String-To-Poco.csproj", "{0492BE6D-269C-4BF0-A77E-A2CAC08EE5D7}"
EndProject
Project("{FAE04EC0-301F-11D3-BF4B-00C04F79EFBC}") = "Constants", "Constants\Constants.csproj", "{B3EF7ED6-EF4D-4242-ADB2-BCA62179E4AB}"
EndProject
Global
	GlobalSection(SolutionConfigurationPlatforms) = preSolution
		Debug|Any CPU = Debug|Any CPU
		Release|Any CPU = Release|Any CPU
	EndGlobalSection
	GlobalSection(ProjectConfigurationPlatforms) = postSolution
		{68D2F660-F299-4CC5-ABC1-A5D443856B4D}.Debug|Any CPU.ActiveCfg = Debug|Any CPU
		{68D2F660-F299-4CC5-ABC1-A5D443856B4D}.Debug|Any CPU.Build.0 = Debug|Any CPU
		{68D2F660-F299-4CC5-ABC1-A5D443856B4D}.Release|Any CPU.ActiveCfg = Release|Any CPU
		{68D2F660-F299-4CC5-ABC1-A5D443856B4D}.Release|Any CPU.Build.0 = Release|Any CPU
		{06A315C7-857D-4B2C-9264-1D65CF6F31F1}.Debug|Any CPU.ActiveCfg = Debug|Any CPU
		{06A315C7-857D-4B2C-9264-1D65CF6F31F1}.Debug|Any CPU.Build.0 = Debug|Any CPU
		{06A315C7-857D-4B2C-9264-1D65CF6F31F1}.Release|Any CPU.ActiveCfg = Release|Any CPU
		{06A315C7-857D-4B2C-9264-1D65CF6F31F1}.Release|Any CPU.Build.0 = Release|Any CPU
		{0492BE6D-269C-4BF0-A77E-A2CAC08EE5D7}.Debug|Any CPU.ActiveCfg = Debug|Any CPU
		{0492BE6D-269C-4BF0-A77E-A2CAC08EE5D7}.Debug|Any CPU.Build.0 = Debug|Any CPU
		{0492BE6D-269C-4BF0-A77E-A2CAC08EE5D7}.Release|Any CPU.ActiveCfg = Release|Any CPU
		{0492BE6D-269C-4BF0-A77E-A2CAC08EE5D7}.Release|Any CPU.Build.0 = Release|Any CPU
		{B3EF7ED6-EF4D-4242-ADB2-BCA62179E4AB}.Debug|Any CPU.ActiveCfg = Debug|Any CPU
		{B3EF7ED6-EF4D-4242-ADB2-BCA62179E4AB}.Debug|Any CPU.Build.0 = Debug|Any CPU
		{B3EF7ED6-EF4D-4242-ADB2-BCA62179E4AB}.Release|Any CPU.ActiveCfg = Release|Any CPU
		{B3EF7ED6-EF4D-4242-ADB2-BCA62179E4AB}.Release|Any CPU.Build.0 = Release|Any CPU
	EndGlobalSection
	GlobalSection(SolutionProperties) = preSolution
		HideSolutionNode = FALSE
	EndGlobalSection
EndGlobal
