
Microsoft Visual Studio Solution File, Format Version 12.00
# Visual Studio 2013
VisualStudioVersion = 12.0.30501.0
MinimumVisualStudioVersion = 10.0.40219.1
Project("{FAE04EC0-301F-11D3-BF4B-00C04F79EFBC}") = "TravelAgency", "TravelAgency\TravelAgency.csproj", "{B8CEBCA5-3CD9-4360-B32F-E8F949B3B0B3}"
EndProject
Project("{FAE04EC0-301F-11D3-BF4B-00C04F79EFBC}") = "TravelAgency.Tests", "..\TravelAgency1\TravelAgency.Tests\TravelAgency.Tests.csproj", "{79038D4A-37A5-4301-8C3E-8B10BD8A9AED}"
EndProject
Global
	GlobalSection(SolutionConfigurationPlatforms) = preSolution
		Debug|Any CPU = Debug|Any CPU
		Release|Any CPU = Release|Any CPU
	EndGlobalSection
	GlobalSection(ProjectConfigurationPlatforms) = postSolution
		{B8CEBCA5-3CD9-4360-B32F-E8F949B3B0B3}.Debug|Any CPU.ActiveCfg = Debug|Any CPU
		{B8CEBCA5-3CD9-4360-B32F-E8F949B3B0B3}.Debug|Any CPU.Build.0 = Debug|Any CPU
		{B8CEBCA5-3CD9-4360-B32F-E8F949B3B0B3}.Release|Any CPU.ActiveCfg = Release|Any CPU
		{B8CEBCA5-3CD9-4360-B32F-E8F949B3B0B3}.Release|Any CPU.Build.0 = Release|Any CPU
		{79038D4A-37A5-4301-8C3E-8B10BD8A9AED}.Debug|Any CPU.ActiveCfg = Debug|Any CPU
		{79038D4A-37A5-4301-8C3E-8B10BD8A9AED}.Debug|Any CPU.Build.0 = Debug|Any CPU
		{79038D4A-37A5-4301-8C3E-8B10BD8A9AED}.Release|Any CPU.ActiveCfg = Release|Any CPU
		{79038D4A-37A5-4301-8C3E-8B10BD8A9AED}.Release|Any CPU.Build.0 = Release|Any CPU
	EndGlobalSection
	GlobalSection(SolutionProperties) = preSolution
		HideSolutionNode = FALSE
	EndGlobalSection
EndGlobal
