
Microsoft Visual Studio Solution File, Format Version 12.00
# Visual Studio 2013
VisualStudioVersion = 12.0.31101.0
MinimumVisualStudioVersion = 10.0.40219.1
Project("{FAE04EC0-301F-11D3-BF4B-00C04F79EFBC}") = "ChatRoom.Context", "ChatRoom.Context\ChatRoom.Context.csproj", "{33255D89-E8B0-4CE0-A42E-552FBE0F9B16}"
EndProject
Project("{FAE04EC0-301F-11D3-BF4B-00C04F79EFBC}") = "ChatRoom.Data", "ChatRoom.Data\ChatRoom.Data.csproj", "{D6055F80-5C66-4BF4-ACFF-6FEA31ECD402}"
EndProject
Project("{FAE04EC0-301F-11D3-BF4B-00C04F79EFBC}") = "ChatRoom.Client", "ChatRoom.Client\ChatRoom.Client.csproj", "{FBD2081A-B944-476C-BEFA-64AA204D72EB}"
EndProject
Global
	GlobalSection(SolutionConfigurationPlatforms) = preSolution
		Debug|Any CPU = Debug|Any CPU
		Release|Any CPU = Release|Any CPU
	EndGlobalSection
	GlobalSection(ProjectConfigurationPlatforms) = postSolution
		{33255D89-E8B0-4CE0-A42E-552FBE0F9B16}.Debug|Any CPU.ActiveCfg = Debug|Any CPU
		{33255D89-E8B0-4CE0-A42E-552FBE0F9B16}.Debug|Any CPU.Build.0 = Debug|Any CPU
		{33255D89-E8B0-4CE0-A42E-552FBE0F9B16}.Release|Any CPU.ActiveCfg = Release|Any CPU
		{33255D89-E8B0-4CE0-A42E-552FBE0F9B16}.Release|Any CPU.Build.0 = Release|Any CPU
		{D6055F80-5C66-4BF4-ACFF-6FEA31ECD402}.Debug|Any CPU.ActiveCfg = Debug|Any CPU
		{D6055F80-5C66-4BF4-ACFF-6FEA31ECD402}.Debug|Any CPU.Build.0 = Debug|Any CPU
		{D6055F80-5C66-4BF4-ACFF-6FEA31ECD402}.Release|Any CPU.ActiveCfg = Release|Any CPU
		{D6055F80-5C66-4BF4-ACFF-6FEA31ECD402}.Release|Any CPU.Build.0 = Release|Any CPU
		{FBD2081A-B944-476C-BEFA-64AA204D72EB}.Debug|Any CPU.ActiveCfg = Debug|Any CPU
		{FBD2081A-B944-476C-BEFA-64AA204D72EB}.Debug|Any CPU.Build.0 = Debug|Any CPU
		{FBD2081A-B944-476C-BEFA-64AA204D72EB}.Release|Any CPU.ActiveCfg = Release|Any CPU
		{FBD2081A-B944-476C-BEFA-64AA204D72EB}.Release|Any CPU.Build.0 = Release|Any CPU
	EndGlobalSection
	GlobalSection(SolutionProperties) = preSolution
		HideSolutionNode = FALSE
	EndGlobalSection
EndGlobal
