
Microsoft Visual Studio Solution File, Format Version 12.00
# Visual Studio 2013
VisualStudioVersion = 12.0.30501.0
MinimumVisualStudioVersion = 10.0.40219.1
Project("{FAE04EC0-301F-11D3-BF4B-00C04F79EFBC}") = "02-Fraction-Calculator", "02-Fraction-Calculator\02-Fraction-Calculator.csproj", "{529958F2-2276-44D5-917D-B30E9CFE9BD3}"
EndProject
Project("{FAE04EC0-301F-11D3-BF4B-00C04F79EFBC}") = "03-Generic-List", "03-Generic-List\03-Generic-List.csproj", "{21FBD6A2-69FE-4CA7-973D-05E0126E42E1}"
EndProject
Project("{FAE04EC0-301F-11D3-BF4B-00C04F79EFBC}") = "04-CostomAtribute", "04-CostomAtribute\04-CostomAtribute.csproj", "{63851ED7-34DD-4B36-8A62-9361318DB2D6}"
EndProject
Project("{FAE04EC0-301F-11D3-BF4B-00C04F79EFBC}") = "01-GalacticGPS", "GalacticGPS\01-GalacticGPS.csproj", "{F22929AE-6460-44FD-B7C5-34F191A099C7}"
EndProject
Global
	GlobalSection(SolutionConfigurationPlatforms) = preSolution
		Debug|Any CPU = Debug|Any CPU
		Release|Any CPU = Release|Any CPU
	EndGlobalSection
	GlobalSection(ProjectConfigurationPlatforms) = postSolution
		{529958F2-2276-44D5-917D-B30E9CFE9BD3}.Debug|Any CPU.ActiveCfg = Debug|Any CPU
		{529958F2-2276-44D5-917D-B30E9CFE9BD3}.Debug|Any CPU.Build.0 = Debug|Any CPU
		{529958F2-2276-44D5-917D-B30E9CFE9BD3}.Release|Any CPU.ActiveCfg = Release|Any CPU
		{529958F2-2276-44D5-917D-B30E9CFE9BD3}.Release|Any CPU.Build.0 = Release|Any CPU
		{21FBD6A2-69FE-4CA7-973D-05E0126E42E1}.Debug|Any CPU.ActiveCfg = Debug|Any CPU
		{21FBD6A2-69FE-4CA7-973D-05E0126E42E1}.Debug|Any CPU.Build.0 = Debug|Any CPU
		{21FBD6A2-69FE-4CA7-973D-05E0126E42E1}.Release|Any CPU.ActiveCfg = Release|Any CPU
		{21FBD6A2-69FE-4CA7-973D-05E0126E42E1}.Release|Any CPU.Build.0 = Release|Any CPU
		{63851ED7-34DD-4B36-8A62-9361318DB2D6}.Debug|Any CPU.ActiveCfg = Debug|Any CPU
		{63851ED7-34DD-4B36-8A62-9361318DB2D6}.Debug|Any CPU.Build.0 = Debug|Any CPU
		{63851ED7-34DD-4B36-8A62-9361318DB2D6}.Release|Any CPU.ActiveCfg = Release|Any CPU
		{63851ED7-34DD-4B36-8A62-9361318DB2D6}.Release|Any CPU.Build.0 = Release|Any CPU
		{F22929AE-6460-44FD-B7C5-34F191A099C7}.Debug|Any CPU.ActiveCfg = Debug|Any CPU
		{F22929AE-6460-44FD-B7C5-34F191A099C7}.Debug|Any CPU.Build.0 = Debug|Any CPU
		{F22929AE-6460-44FD-B7C5-34F191A099C7}.Release|Any CPU.ActiveCfg = Release|Any CPU
		{F22929AE-6460-44FD-B7C5-34F191A099C7}.Release|Any CPU.Build.0 = Release|Any CPU
	EndGlobalSection
	GlobalSection(SolutionProperties) = preSolution
		HideSolutionNode = FALSE
	EndGlobalSection
EndGlobal
