
Microsoft Visual Studio Solution File, Format Version 12.00
# Visual Studio 2013
VisualStudioVersion = 12.0.30501.0
MinimumVisualStudioVersion = 10.0.40219.1
Project("{FAE04EC0-301F-11D3-BF4B-00C04F79EFBC}") = "01-Galactic-GPS", "01-\01-Galactic-GPS.csproj", "{45233F03-C176-4F96-AC71-EED390953F7E}"
EndProject
Project("{FAE04EC0-301F-11D3-BF4B-00C04F79EFBC}") = "02-Fraction-Calculator", "02\02-Fraction-Calculator.csproj", "{780320A3-785C-4EC7-AF87-7BCFC7460729}"
EndProject
Global
	GlobalSection(SolutionConfigurationPlatforms) = preSolution
		Debug|Any CPU = Debug|Any CPU
		Release|Any CPU = Release|Any CPU
	EndGlobalSection
	GlobalSection(ProjectConfigurationPlatforms) = postSolution
		{45233F03-C176-4F96-AC71-EED390953F7E}.Debug|Any CPU.ActiveCfg = Debug|Any CPU
		{45233F03-C176-4F96-AC71-EED390953F7E}.Debug|Any CPU.Build.0 = Debug|Any CPU
		{45233F03-C176-4F96-AC71-EED390953F7E}.Release|Any CPU.ActiveCfg = Release|Any CPU
		{45233F03-C176-4F96-AC71-EED390953F7E}.Release|Any CPU.Build.0 = Release|Any CPU
		{780320A3-785C-4EC7-AF87-7BCFC7460729}.Debug|Any CPU.ActiveCfg = Debug|Any CPU
		{780320A3-785C-4EC7-AF87-7BCFC7460729}.Debug|Any CPU.Build.0 = Debug|Any CPU
		{780320A3-785C-4EC7-AF87-7BCFC7460729}.Release|Any CPU.ActiveCfg = Release|Any CPU
		{780320A3-785C-4EC7-AF87-7BCFC7460729}.Release|Any CPU.Build.0 = Release|Any CPU
	EndGlobalSection
	GlobalSection(SolutionProperties) = preSolution
		HideSolutionNode = FALSE
	EndGlobalSection
EndGlobal
