
Microsoft Visual Studio Solution File, Format Version 12.00
# Visual Studio 2013
VisualStudioVersion = 12.0.31101.0
MinimumVisualStudioVersion = 10.0.40219.1
Project("{FAE04EC0-301F-11D3-BF4B-00C04F79EFBC}") = "MusicSystem.Client", "MusicSystem.Client\MusicSystem.Client.csproj", "{FB08E02C-14C1-4679-A20A-AF6E1C8485C7}"
EndProject
Project("{FAE04EC0-301F-11D3-BF4B-00C04F79EFBC}") = "MusicSystem.Model", "MusicSystem.Model\MusicSystem.Model.csproj", "{648424AE-5A45-417C-8759-19F147CF6CE5}"
EndProject
Project("{FAE04EC0-301F-11D3-BF4B-00C04F79EFBC}") = "MusicSystem.Data", "MusicSystem.Data\MusicSystem.Data.csproj", "{776E9BAB-3519-4DF7-AA31-9D3AC6A6AC4A}"
EndProject
Global
	GlobalSection(SolutionConfigurationPlatforms) = preSolution
		Debug|Any CPU = Debug|Any CPU
		Release|Any CPU = Release|Any CPU
	EndGlobalSection
	GlobalSection(ProjectConfigurationPlatforms) = postSolution
		{FB08E02C-14C1-4679-A20A-AF6E1C8485C7}.Debug|Any CPU.ActiveCfg = Debug|Any CPU
		{FB08E02C-14C1-4679-A20A-AF6E1C8485C7}.Debug|Any CPU.Build.0 = Debug|Any CPU
		{FB08E02C-14C1-4679-A20A-AF6E1C8485C7}.Release|Any CPU.ActiveCfg = Release|Any CPU
		{FB08E02C-14C1-4679-A20A-AF6E1C8485C7}.Release|Any CPU.Build.0 = Release|Any CPU
		{648424AE-5A45-417C-8759-19F147CF6CE5}.Debug|Any CPU.ActiveCfg = Debug|Any CPU
		{648424AE-5A45-417C-8759-19F147CF6CE5}.Debug|Any CPU.Build.0 = Debug|Any CPU
		{648424AE-5A45-417C-8759-19F147CF6CE5}.Release|Any CPU.ActiveCfg = Release|Any CPU
		{648424AE-5A45-417C-8759-19F147CF6CE5}.Release|Any CPU.Build.0 = Release|Any CPU
		{776E9BAB-3519-4DF7-AA31-9D3AC6A6AC4A}.Debug|Any CPU.ActiveCfg = Debug|Any CPU
		{776E9BAB-3519-4DF7-AA31-9D3AC6A6AC4A}.Debug|Any CPU.Build.0 = Debug|Any CPU
		{776E9BAB-3519-4DF7-AA31-9D3AC6A6AC4A}.Release|Any CPU.ActiveCfg = Release|Any CPU
		{776E9BAB-3519-4DF7-AA31-9D3AC6A6AC4A}.Release|Any CPU.Build.0 = Release|Any CPU
	EndGlobalSection
	GlobalSection(SolutionProperties) = preSolution
		HideSolutionNode = FALSE
	EndGlobalSection
EndGlobal
